// !$*UTF8*$!
{
	archiveVersion = 1;
	classes = {
	};
	objectVersion = 55;
	objects = {

/* Begin PBXBuildFile section */
		6E04D6DC271054B600C3313F /* Task.swift in Sources */ = {isa = PBXBuildFile; fileRef = 6E04D6DB271054B600C3313F /* Task.swift */; };
		6EB81D68270D74E40017B6EA /* Barrier.swift in Sources */ = {isa = PBXBuildFile; fileRef = 6EB81D67270D74E40017B6EA /* Barrier.swift */; };
		6EF96966270C318A0082A828 /* AppDelegate.swift in Sources */ = {isa = PBXBuildFile; fileRef = 6EF96965270C318A0082A828 /* AppDelegate.swift */; };
		6EF96968270C318A0082A828 /* SceneDelegate.swift in Sources */ = {isa = PBXBuildFile; fileRef = 6EF96967270C318A0082A828 /* SceneDelegate.swift */; };
		6EF9696A270C318A0082A828 /* ViewController.swift in Sources */ = {isa = PBXBuildFile; fileRef = 6EF96969270C318A0082A828 /* ViewController.swift */; };
		6EF9696D270C318A0082A828 /* Main.storyboard in Resources */ = {isa = PBXBuildFile; fileRef = 6EF9696B270C318A0082A828 /* Main.storyboard */; };
		6EF9696F270C318C0082A828 /* Assets.xcassets in Resources */ = {isa = PBXBuildFile; fileRef = 6EF9696E270C318C0082A828 /* Assets.xcassets */; };
		6EF96972270C318C0082A828 /* LaunchScreen.storyboard in Resources */ = {isa = PBXBuildFile; fileRef = 6EF96970270C318C0082A828 /* LaunchScreen.storyboard */; };
		6EF9697C270C31AC0082A828 /* GetWindowTask.swift in Sources */ = {isa = PBXBuildFile; fileRef = 6EF96979270C31AC0082A828 /* GetWindowTask.swift */; };
		6EF9697D270C31AC0082A828 /* LaunchTask.swift in Sources */ = {isa = PBXBuildFile; fileRef = 6EF9697A270C31AC0082A828 /* LaunchTask.swift */; };
		6EF9697E270C31AC0082A828 /* CreateSessionTask.swift in Sources */ = {isa = PBXBuildFile; fileRef = 6EF9697B270C31AC0082A828 /* CreateSessionTask.swift */; };
		6EF96980270C36E30082A828 /* GetUserTrackingConsentTask.swift in Sources */ = {isa = PBXBuildFile; fileRef = 6EF9697F270C36E30082A828 /* GetUserTrackingConsentTask.swift */; };
		6EF96982270C45CC0082A828 /* AcceptTermsAndConditionsTask.swift in Sources */ = {isa = PBXBuildFile; fileRef = 6EF96981270C45CC0082A828 /* AcceptTermsAndConditionsTask.swift */; };
/* End PBXBuildFile section */

/* Begin PBXFileReference section */
		6E04D6DB271054B600C3313F /* Task.swift */ = {isa = PBXFileReference; lastKnownFileType = sourcecode.swift; path = Task.swift; sourceTree = "<group>"; };
		6EB81D67270D74E40017B6EA /* Barrier.swift */ = {isa = PBXFileReference; lastKnownFileType = sourcecode.swift; path = Barrier.swift; sourceTree = "<group>"; };
		6EF96962270C318A0082A828 /* App.app */ = {isa = PBXFileReference; explicitFileType = wrapper.application; includeInIndex = 0; path = App.app; sourceTree = BUILT_PRODUCTS_DIR; };
		6EF96965270C318A0082A828 /* AppDelegate.swift */ = {isa = PBXFileReference; lastKnownFileType = sourcecode.swift; path = AppDelegate.swift; sourceTree = "<group>"; };
		6EF96967270C318A0082A828 /* SceneDelegate.swift */ = {isa = PBXFileReference; lastKnownFileType = sourcecode.swift; path = SceneDelegate.swift; sourceTree = "<group>"; };
		6EF96969270C318A0082A828 /* ViewController.swift */ = {isa = PBXFileReference; lastKnownFileType = sourcecode.swift; path = ViewController.swift; sourceTree = "<group>"; };
		6EF9696C270C318A0082A828 /* Base */ = {isa = PBXFileReference; lastKnownFileType = file.storyboard; name = Base; path = Base.lproj/Main.storyboard; sourceTree = "<group>"; };
		6EF9696E270C318C0082A828 /* Assets.xcassets */ = {isa = PBXFileReference; lastKnownFileType = folder.assetcatalog; path = Assets.xcassets; sourceTree = "<group>"; };
		6EF96971270C318C0082A828 /* Base */ = {isa = PBXFileReference; lastKnownFileType = file.storyboard; name = Base; path = Base.lproj/LaunchScreen.storyboard; sourceTree = "<group>"; };
		6EF96973270C318C0082A828 /* Info.plist */ = {isa = PBXFileReference; lastKnownFileType = text.plist.xml; path = Info.plist; sourceTree = "<group>"; };
		6EF96979270C31AC0082A828 /* GetWindowTask.swift */ = {isa = PBXFileReference; fileEncoding = 4; lastKnownFileType = sourcecode.swift; path = GetWindowTask.swift; sourceTree = "<group>"; };
		6EF9697A270C31AC0082A828 /* LaunchTask.swift */ = {isa = PBXFileReference; fileEncoding = 4; lastKnownFileType = sourcecode.swift; path = LaunchTask.swift; sourceTree = "<group>"; };
		6EF9697B270C31AC0082A828 /* CreateSessionTask.swift */ = {isa = PBXFileReference; fileEncoding = 4; lastKnownFileType = sourcecode.swift; path = CreateSessionTask.swift; sourceTree = "<group>"; };
		6EF9697F270C36E30082A828 /* GetUserTrackingConsentTask.swift */ = {isa = PBXFileReference; lastKnownFileType = sourcecode.swift; path = GetUserTrackingConsentTask.swift; sourceTree = "<group>"; };
		6EF96981270C45CC0082A828 /* AcceptTermsAndConditionsTask.swift */ = {isa = PBXFileReference; lastKnownFileType = sourcecode.swift; path = AcceptTermsAndConditionsTask.swift; sourceTree = "<group>"; };
/* End PBXFileReference section */

/* Begin PBXFrameworksBuildPhase section */
		6EF9695F270C318A0082A828 /* Frameworks */ = {
			isa = PBXFrameworksBuildPhase;
			buildActionMask = 2147483647;
			files = (
			);
			runOnlyForDeploymentPostprocessing = 0;
		};
/* End PBXFrameworksBuildPhase section */

/* Begin PBXGroup section */
		6E04D6D5271047F700C3313F /* LaunchTask */ = {
			isa = PBXGroup;
			children = (
				6E04D6DB271054B600C3313F /* Task.swift */,
				6E04D6D92710484B00C3313F /* SessionTask */,
				6E04D6D82710483600C3313F /* ConsentTask */,
				6E04D6D72710482100C3313F /* WindowTask */,
				6E04D6D62710480800C3313F /* AcceptTermsAndConditionsTask */,
				6EF9697A270C31AC0082A828 /* LaunchTask.swift */,
			);
			path = LaunchTask;
			sourceTree = "<group>";
		};
		6E04D6D62710480800C3313F /* AcceptTermsAndConditionsTask */ = {
			isa = PBXGroup;
			children = (
				6EF96981270C45CC0082A828 /* AcceptTermsAndConditionsTask.swift */,
			);
			path = AcceptTermsAndConditionsTask;
			sourceTree = "<group>";
		};
		6E04D6D72710482100C3313F /* WindowTask */ = {
			isa = PBXGroup;
			children = (
				6EF96979270C31AC0082A828 /* GetWindowTask.swift */,
			);
			path = WindowTask;
			sourceTree = "<group>";
		};
		6E04D6D82710483600C3313F /* ConsentTask */ = {
			isa = PBXGroup;
			children = (
				6EF9697F270C36E30082A828 /* GetUserTrackingConsentTask.swift */,
			);
			path = ConsentTask;
			sourceTree = "<group>";
		};
		6E04D6D92710484B00C3313F /* SessionTask */ = {
			isa = PBXGroup;
			children = (
				6EF9697B270C31AC0082A828 /* CreateSessionTask.swift */,
			);
			path = SessionTask;
			sourceTree = "<group>";
		};
		6EF96959270C318A0082A828 = {
			isa = PBXGroup;
			children = (
				6EF96964270C318A0082A828 /* App */,
				6EF96963270C318A0082A828 /* Products */,
			);
			sourceTree = "<group>";
		};
		6EF96963270C318A0082A828 /* Products */ = {
			isa = PBXGroup;
			children = (
				6EF96962270C318A0082A828 /* App.app */,
			);
			name = Products;
			sourceTree = "<group>";
		};
		6EF96964270C318A0082A828 /* App */ = {
			isa = PBXGroup;
			children = (
				6E04D6D5271047F700C3313F /* LaunchTask */,
				6EB81D67270D74E40017B6EA /* Barrier.swift */,
				6EF96965270C318A0082A828 /* AppDelegate.swift */,
				6EF96967270C318A0082A828 /* SceneDelegate.swift */,
				6EF96969270C318A0082A828 /* ViewController.swift */,
				6EF9696B270C318A0082A828 /* Main.storyboard */,
				6EF9696E270C318C0082A828 /* Assets.xcassets */,
				6EF96970270C318C0082A828 /* LaunchScreen.storyboard */,
				6EF96973270C318C0082A828 /* Info.plist */,
			);
			path = App;
			sourceTree = "<group>";
		};
/* End PBXGroup section */

/* Begin PBXNativeTarget section */
		6EF96961270C318A0082A828 /* App */ = {
			isa = PBXNativeTarget;
			buildConfigurationList = 6EF96976270C318C0082A828 /* Build configuration list for PBXNativeTarget "App" */;
			buildPhases = (
				6EF9695E270C318A0082A828 /* Sources */,
				6EF9695F270C318A0082A828 /* Frameworks */,
				6EF96960270C318A0082A828 /* Resources */,
			);
			buildRules = (
			);
			dependencies = (
			);
			name = App;
			productName = App;
			productReference = 6EF96962270C318A0082A828 /* App.app */;
			productType = "com.apple.product-type.application";
		};
/* End PBXNativeTarget section */

/* Begin PBXProject section */
		6EF9695A270C318A0082A828 /* Project object */ = {
			isa = PBXProject;
			attributes = {
				BuildIndependentTargetsInParallel = 1;
				LastSwiftUpdateCheck = 1300;
				LastUpgradeCheck = 1300;
				TargetAttributes = {
					6EF96961270C318A0082A828 = {
						CreatedOnToolsVersion = 13.0;
					};
				};
			};
			buildConfigurationList = 6EF9695D270C318A0082A828 /* Build configuration list for PBXProject "App" */;
			compatibilityVersion = "Xcode 13.0";
			developmentRegion = en;
			hasScannedForEncodings = 0;
			knownRegions = (
				en,
				Base,
			);
			mainGroup = 6EF96959270C318A0082A828;
			productRefGroup = 6EF96963270C318A0082A828 /* Products */;
			projectDirPath = "";
			projectRoot = "";
			targets = (
				6EF96961270C318A0082A828 /* App */,
			);
		};
/* End PBXProject section */

/* Begin PBXResourcesBuildPhase section */
		6EF96960270C318A0082A828 /* Resources */ = {
			isa = PBXResourcesBuildPhase;
			buildActionMask = 2147483647;
			files = (
				6EF96972270C318C0082A828 /* LaunchScreen.storyboard in Resources */,
				6EF9696F270C318C0082A828 /* Assets.xcassets in Resources */,
				6EF9696D270C318A0082A828 /* Main.storyboard in Resources */,
			);
			runOnlyForDeploymentPostprocessing = 0;
		};
/* End PBXResourcesBuildPhase section */

/* Begin PBXSourcesBuildPhase section */
		6EF9695E270C318A0082A828 /* Sources */ = {
			isa = PBXSourcesBuildPhase;
			buildActionMask = 2147483647;
			files = (
				6EF9697D270C31AC0082A828 /* LaunchTask.swift in Sources */,
				6EF9697E270C31AC0082A828 /* CreateSessionTask.swift in Sources */,
				6EF9696A270C318A0082A828 /* ViewController.swift in Sources */,
				6EF9697C270C31AC0082A828 /* GetWindowTask.swift in Sources */,
				6EF96980270C36E30082A828 /* GetUserTrackingConsentTask.swift in Sources */,
				6EF96966270C318A0082A828 /* AppDelegate.swift in Sources */,
				6EF96982270C45CC0082A828 /* AcceptTermsAndConditionsTask.swift in Sources */,
				6EB81D68270D74E40017B6EA /* Barrier.swift in Sources */,
				6E04D6DC271054B600C3313F /* Task.swift in Sources */,
				6EF96968270C318A0082A828 /* SceneDelegate.swift in Sources */,
			);
			runOnlyForDeploymentPostprocessing = 0;
		};
/* End PBXSourcesBuildPhase section */

/* Begin PBXVariantGroup section */
		6EF9696B270C318A0082A828 /* Main.storyboard */ = {
			isa = PBXVariantGroup;
			children = (
				6EF9696C270C318A0082A828 /* Base */,
			);
			name = Main.storyboard;
			sourceTree = "<group>";
		};
		6EF96970270C318C0082A828 /* LaunchScreen.storyboard */ = {
			isa = PBXVariantGroup;
			children = (
				6EF96971270C318C0082A828 /* Base */,
			);
			name = LaunchScreen.storyboard;
			sourceTree = "<group>";
		};
/* End PBXVariantGroup section */

/* Begin XCBuildConfiguration section */
		6EF96974270C318C0082A828 /* Debug */ = {
			isa = XCBuildConfiguration;
			buildSettings = {
				ALWAYS_SEARCH_USER_PATHS = NO;
				CLANG_ANALYZER_NONNULL = YES;
				CLANG_ANALYZER_NUMBER_OBJECT_CONVERSION = YES_AGGRESSIVE;
				CLANG_CXX_LANGUAGE_STANDARD = "gnu++17";
				CLANG_CXX_LIBRARY = "libc++";
				CLANG_ENABLE_MODULES = YES;
				CLANG_ENABLE_OBJC_ARC = YES;
				CLANG_ENABLE_OBJC_WEAK = YES;
				CLANG_WARN_BLOCK_CAPTURE_AUTORELEASING = YES;
				CLANG_WARN_BOOL_CONVERSION = YES;
				CLANG_WARN_COMMA = YES;
				CLANG_WARN_CONSTANT_CONVERSION = YES;
				CLANG_WARN_DEPRECATED_OBJC_IMPLEMENTATIONS = YES;
				CLANG_WARN_DIRECT_OBJC_ISA_USAGE = YES_ERROR;
				CLANG_WARN_DOCUMENTATION_COMMENTS = YES;
				CLANG_WARN_EMPTY_BODY = YES;
				CLANG_WARN_ENUM_CONVERSION = YES;
				CLANG_WARN_INFINITE_RECURSION = YES;
				CLANG_WARN_INT_CONVERSION = YES;
				CLANG_WARN_NON_LITERAL_NULL_CONVERSION = YES;
				CLANG_WARN_OBJC_IMPLICIT_RETAIN_SELF = YES;
				CLANG_WARN_OBJC_LITERAL_CONVERSION = YES;
				CLANG_WARN_OBJC_ROOT_CLASS = YES_ERROR;
				CLANG_WARN_QUOTED_INCLUDE_IN_FRAMEWORK_HEADER = YES;
				CLANG_WARN_RANGE_LOOP_ANALYSIS = YES;
				CLANG_WARN_STRICT_PROTOTYPES = YES;
				CLANG_WARN_SUSPICIOUS_MOVE = YES;
				CLANG_WARN_UNGUARDED_AVAILABILITY = YES_AGGRESSIVE;
				CLANG_WARN_UNREACHABLE_CODE = YES;
				CLANG_WARN__DUPLICATE_METHOD_MATCH = YES;
				COPY_PHASE_STRIP = NO;
				DEBUG_INFORMATION_FORMAT = dwarf;
				ENABLE_STRICT_OBJC_MSGSEND = YES;
				ENABLE_TESTABILITY = YES;
				GCC_C_LANGUAGE_STANDARD = gnu11;
				GCC_DYNAMIC_NO_PIC = NO;
				GCC_NO_COMMON_BLOCKS = YES;
				GCC_OPTIMIZATION_LEVEL = 0;
				GCC_PREPROCESSOR_DEFINITIONS = (
					"DEBUG=1",
					"$(inherited)",
				);
				GCC_WARN_64_TO_32_BIT_CONVERSION = YES;
				GCC_WARN_ABOUT_RETURN_TYPE = YES_ERROR;
				GCC_WARN_UNDECLARED_SELECTOR = YES;
				GCC_WARN_UNINITIALIZED_AUTOS = YES_AGGRESSIVE;
				GCC_WARN_UNUSED_FUNCTION = YES;
				GCC_WARN_UNUSED_VARIABLE = YES;
				IPHONEOS_DEPLOYMENT_TARGET = 15.0;
				MTL_ENABLE_DEBUG_INFO = INCLUDE_SOURCE;
				MTL_FAST_MATH = YES;
				ONLY_ACTIVE_ARCH = YES;
				SDKROOT = iphoneos;
				SWIFT_ACTIVE_COMPILATION_CONDITIONS = DEBUG;
				SWIFT_OPTIMIZATION_LEVEL = "-Onone";
			};
			name = Debug;
		};
		6EF96975270C318C0082A828 /* Release */ = {
			isa = XCBuildConfiguration;
			buildSettings = {
				ALWAYS_SEARCH_USER_PATHS = NO;
				CLANG_ANALYZER_NONNULL = YES;
				CLANG_ANALYZER_NUMBER_OBJECT_CONVERSION = YES_AGGRESSIVE;
				CLANG_CXX_LANGUAGE_STANDARD = "gnu++17";
				CLANG_CXX_LIBRARY = "libc++";
				CLANG_ENABLE_MODULES = YES;
				CLANG_ENABLE_OBJC_ARC = YES;
				CLANG_ENABLE_OBJC_WEAK = YES;
				CLANG_WARN_BLOCK_CAPTURE_AUTORELEASING = YES;
				CLANG_WARN_BOOL_CONVERSION = YES;
				CLANG_WARN_COMMA = YES;
				CLANG_WARN_CONSTANT_CONVERSION = YES;
				CLANG_WARN_DEPRECATED_OBJC_IMPLEMENTATIONS = YES;
				CLANG_WARN_DIRECT_OBJC_ISA_USAGE = YES_ERROR;
				CLANG_WARN_DOCUMENTATION_COMMENTS = YES;
				CLANG_WARN_EMPTY_BODY = YES;
				CLANG_WARN_ENUM_CONVERSION = YES;
				CLANG_WARN_INFINITE_RECURSION = YES;
				CLANG_WARN_INT_CONVERSION = YES;
				CLANG_WARN_NON_LITERAL_NULL_CONVERSION = YES;
				CLANG_WARN_OBJC_IMPLICIT_RETAIN_SELF = YES;
				CLANG_WARN_OBJC_LITERAL_CONVERSION = YES;
				CLANG_WARN_OBJC_ROOT_CLASS = YES_ERROR;
				CLANG_WARN_QUOTED_INCLUDE_IN_FRAMEWORK_HEADER = YES;
				CLANG_WARN_RANGE_LOOP_ANALYSIS = YES;
				CLANG_WARN_STRICT_PROTOTYPES = YES;
				CLANG_WARN_SUSPICIOUS_MOVE = YES;
				CLANG_WARN_UNGUARDED_AVAILABILITY = YES_AGGRESSIVE;
				CLANG_WARN_UNREACHABLE_CODE = YES;
				CLANG_WARN__DUPLICATE_METHOD_MATCH = YES;
				COPY_PHASE_STRIP = NO;
				DEBUG_INFORMATION_FORMAT = "dwarf-with-dsym";
				ENABLE_NS_ASSERTIONS = NO;
				ENABLE_STRICT_OBJC_MSGSEND = YES;
				GCC_C_LANGUAGE_STANDARD = gnu11;
				GCC_NO_COMMON_BLOCKS = YES;
				GCC_WARN_64_TO_32_BIT_CONVERSION = YES;
				GCC_WARN_ABOUT_RETURN_TYPE = YES_ERROR;
				GCC_WARN_UNDECLARED_SELECTOR = YES;
				GCC_WARN_UNINITIALIZED_AUTOS = YES_AGGRESSIVE;
				GCC_WARN_UNUSED_FUNCTION = YES;
				GCC_WARN_UNUSED_VARIABLE = YES;
				IPHONEOS_DEPLOYMENT_TARGET = 15.0;
				MTL_ENABLE_DEBUG_INFO = NO;
				MTL_FAST_MATH = YES;
				SDKROOT = iphoneos;
				SWIFT_COMPILATION_MODE = wholemodule;
				SWIFT_OPTIMIZATION_LEVEL = "-O";
				VALIDATE_PRODUCT = YES;
			};
			name = Release;
		};
		6EF96977270C318C0082A828 /* Debug */ = {
			isa = XCBuildConfiguration;
			buildSettings = {
				ASSETCATALOG_COMPILER_APPICON_NAME = AppIcon;
				ASSETCATALOG_COMPILER_GLOBAL_ACCENT_COLOR_NAME = AccentColor;
				CODE_SIGN_STYLE = Automatic;
				CURRENT_PROJECT_VERSION = 1;
				GENERATE_INFOPLIST_FILE = YES;
				INFOPLIST_FILE = App/Info.plist;
				INFOPLIST_KEY_UIApplicationSupportsIndirectInputEvents = YES;
				INFOPLIST_KEY_UILaunchStoryboardName = LaunchScreen;
				INFOPLIST_KEY_UIMainStoryboardFile = Main;
				INFOPLIST_KEY_UISupportedInterfaceOrientations_iPad = "UIInterfaceOrientationPortrait UIInterfaceOrientationPortraitUpsideDown UIInterfaceOrientationLandscapeLeft UIInterfaceOrientationLandscapeRight";
				INFOPLIST_KEY_UISupportedInterfaceOrientations_iPhone = "UIInterfaceOrientationPortrait UIInterfaceOrientationLandscapeLeft UIInterfaceOrientationLandscapeRight";
				LD_RUNPATH_SEARCH_PATHS = (
					"$(inherited)",
					"@executable_path/Frameworks",
				);
				MARKETING_VERSION = 1.0;
				PRODUCT_BUNDLE_IDENTIFIER = Vinted.App;
				PRODUCT_NAME = "$(TARGET_NAME)";
				SWIFT_EMIT_LOC_STRINGS = YES;
				SWIFT_VERSION = 5.0;
				TARGETED_DEVICE_FAMILY = "1,2";
			};
			name = Debug;
		};
		6EF96978270C318C0082A828 /* Release */ = {
			isa = XCBuildConfiguration;
			buildSettings = {
				ASSETCATALOG_COMPILER_APPICON_NAME = AppIcon;
				ASSETCATALOG_COMPILER_GLOBAL_ACCENT_COLOR_NAME = AccentColor;
				CODE_SIGN_STYLE = Automatic;
				CURRENT_PROJECT_VERSION = 1;
				GENERATE_INFOPLIST_FILE = YES;
				INFOPLIST_FILE = App/Info.plist;
				INFOPLIST_KEY_UIApplicationSupportsIndirectInputEvents = YES;
				INFOPLIST_KEY_UILaunchStoryboardName = LaunchScreen;
				INFOPLIST_KEY_UIMainStoryboardFile = Main;
				INFOPLIST_KEY_UISupportedInterfaceOrientations_iPad = "UIInterfaceOrientationPortrait UIInterfaceOrientationPortraitUpsideDown UIInterfaceOrientationLandscapeLeft UIInterfaceOrientationLandscapeRight";
				INFOPLIST_KEY_UISupportedInterfaceOrientations_iPhone = "UIInterfaceOrientationPortrait UIInterfaceOrientationLandscapeLeft UIInterfaceOrientationLandscapeRight";
				LD_RUNPATH_SEARCH_PATHS = (
					"$(inherited)",
					"@executable_path/Frameworks",
				);
				MARKETING_VERSION = 1.0;
				PRODUCT_BUNDLE_IDENTIFIER = Vinted.App;
				PRODUCT_NAME = "$(TARGET_NAME)";
				SWIFT_EMIT_LOC_STRINGS = YES;
				SWIFT_VERSION = 5.0;
				TARGETED_DEVICE_FAMILY = "1,2";
			};
			name = Release;
		};
/* End XCBuildConfiguration section */

/* Begin XCConfigurationList section */
		6EF9695D270C318A0082A828 /* Build configuration list for PBXProject "App" */ = {
			isa = XCConfigurationList;
			buildConfigurations = (
				6EF96974270C318C0082A828 /* Debug */,
				6EF96975270C318C0082A828 /* Release */,
			);
			defaultConfigurationIsVisible = 0;
			defaultConfigurationName = Release;
		};
		6EF96976270C318C0082A828 /* Build configuration list for PBXNativeTarget "App" */ = {
			isa = XCConfigurationList;
			buildConfigurations = (
				6EF96977270C318C0082A828 /* Debug */,
				6EF96978270C318C0082A828 /* Release */,
			);
			defaultConfigurationIsVisible = 0;
			defaultConfigurationName = Release;
		};
/* End XCConfigurationList section */
	};
	rootObject = 6EF9695A270C318A0082A828 /* Project object */;
}
